Microsoft Visual Studio Solution File, Format Version 12.00
# Visual Studio Version 17
VisualStudioVersion = 17.9.34728.123
MinimumVisualStudioVersion = 10.0.40219.1
Project("{9A19103F-16F7-4668-BE54-9A1E7A4F7556}") = "CarRental", "CarRental\CarRental.csproj", "{1E04F6AA-AF20-4714-82D2-CB9141A57DC1}"
EndProject
Global
	GlobalSection(SolutionConfigurationPlatforms) = preSolution
		Debug|Any CPU = Debug|Any CPU
		Release|Any CPU = Release|Any CPU
	EndGlobalSection
	GlobalSection(ProjectConfigurationPlatforms) = postSolution
		{1E04F6AA-AF20-4714-82D2-CB9141A57DC1}.Debug|Any CPU.ActiveCfg = Debug|Any CPU
		{1E04F6AA-AF20-4714-82D2-CB9141A57DC1}.Debug|Any CPU.Build.0 = Debug|Any CPU
		{1E04F6AA-AF20-4714-82D2-CB9141A57DC1}.Release|Any CPU.ActiveCfg = Release|Any CPU
		{1E04F6AA-AF20-4714-82D2-CB9141A57DC1}.Release|Any CPU.Build.0 = Release|Any CPU
	EndGlobalSection
	GlobalSection(SolutionProperties) = preSolution
		HideSolutionNode = FALSE
	EndGlobalSection
	GlobalSection(ExtensibilityGlobals) = postSolution
		SolutionGuid = {191C7378-5876-4400-8EFA-C0FD5687CA52}
	EndGlobalSection
EndGlobal
